
Microsoft Visual Studio Solution File, Format Version 12.00
# Visual Studio Version 17
VisualStudioVersion = 17.0.31903.59
MinimumVisualStudioVersion = 10.0.40219.1
Project("{2150E333-8FDC-42A3-9474-1A3956D46DE8}") = "src", "src", "{827E0CD3-B72D-47B6-A68D-7590B98EB39B}"
EndProject
Project("{2150E333-8FDC-42A3-9474-1A3956D46DE8}") = "WebHooks.Api", "WebHooks.Api", "{B822D1D2-2C8C-95EE-E828-1B2B8BBA8233}"
EndProject
Project("{FAE04EC0-301F-11D3-BF4B-00C04F79EFBC}") = "Webooks.Api", "src\WebHooks.Api\Webooks.Api.csproj", "{9066813B-0EDC-4E13-B55A-3E4B53DA5881}"
EndProject
Project("{FAE04EC0-301F-11D3-BF4B-00C04F79EFBC}") = "WebHooks.Application", "src\WebHooks.Application\WebHooks.Application.csproj", "{FDEE8198-A9E5-488D-864D-6C5FD5118C4D}"
EndProject
Project("{FAE04EC0-301F-11D3-BF4B-00C04F79EFBC}") = "WebHooks.Domain", "src\WebHooks.Domain\WebHooks.Domain.csproj", "{77459265-1CAF-4BB0-9049-260DB2FC5D44}"
EndProject
Project("{FAE04EC0-301F-11D3-BF4B-00C04F79EFBC}") = "WebHooks.Infrastructre", "src\WebHooks.Infrastructre\WebHooks.Infrastructre.csproj", "{56750D43-21AF-479F-A8F1-0041A3EAB184}"
EndProject
Project("{2150E333-8FDC-42A3-9474-1A3956D46DE8}") = "test", "test", "{0C88DD14-F956-CE84-757C-A364CCF449FC}"
EndProject
Project("{2150E333-8FDC-42A3-9474-1A3956D46DE8}") = "Webhooks.UnitTests", "Webhooks.UnitTests", "{4999BB73-D257-46D6-E8CB-80836288D8FA}"
EndProject
Project("{FAE04EC0-301F-11D3-BF4B-00C04F79EFBC}") = "WebHooks.UnitTest", "test\Webhooks.UnitTests\WebHooks.UnitTest.csproj", "{D3887795-9881-4547-AD45-29B9F7278D2F}"
EndProject
Project("{2150E333-8FDC-42A3-9474-1A3956D46DE8}") = "Webhooks.IntegrationTest", "Webhooks.IntegrationTest", "{213D9C84-F95B-DB9F-C780-1DB23A92D8EE}"
EndProject
Project("{FAE04EC0-301F-11D3-BF4B-00C04F79EFBC}") = "WebHooks.IntegrationTests", "test\Webhooks.IntegrationTest\WebHooks.IntegrationTests.csproj", "{32747CD9-EF04-4D14-9829-A8AA08DC0703}"
EndProject
Global
	GlobalSection(SolutionConfigurationPlatforms) = preSolution
		Debug|Any CPU = Debug|Any CPU
		Debug|x64 = Debug|x64
		Debug|x86 = Debug|x86
		Release|Any CPU = Release|Any CPU
		Release|x64 = Release|x64
		Release|x86 = Release|x86
	EndGlobalSection
	GlobalSection(ProjectConfigurationPlatforms) = postSolution
		{9066813B-0EDC-4E13-B55A-3E4B53DA5881}.Debug|Any CPU.ActiveCfg = Debug|Any CPU
		{9066813B-0EDC-4E13-B55A-3E4B53DA5881}.Debug|Any CPU.Build.0 = Debug|Any CPU
		{9066813B-0EDC-4E13-B55A-3E4B53DA5881}.Debug|x64.ActiveCfg = Debug|Any CPU
		{9066813B-0EDC-4E13-B55A-3E4B53DA5881}.Debug|x64.Build.0 = Debug|Any CPU
		{9066813B-0EDC-4E13-B55A-3E4B53DA5881}.Debug|x86.ActiveCfg = Debug|Any CPU
		{9066813B-0EDC-4E13-B55A-3E4B53DA5881}.Debug|x86.Build.0 = Debug|Any CPU
		{9066813B-0EDC-4E13-B55A-3E4B53DA5881}.Release|Any CPU.ActiveCfg = Release|Any CPU
		{9066813B-0EDC-4E13-B55A-3E4B53DA5881}.Release|Any CPU.Build.0 = Release|Any CPU
		{9066813B-0EDC-4E13-B55A-3E4B53DA5881}.Release|x64.ActiveCfg = Release|Any CPU
		{9066813B-0EDC-4E13-B55A-3E4B53DA5881}.Release|x64.Build.0 = Release|Any CPU
		{9066813B-0EDC-4E13-B55A-3E4B53DA5881}.Release|x86.ActiveCfg = Release|Any CPU
		{9066813B-0EDC-4E13-B55A-3E4B53DA5881}.Release|x86.Build.0 = Release|Any CPU
		{FDEE8198-A9E5-488D-864D-6C5FD5118C4D}.Debug|Any CPU.ActiveCfg = Debug|Any CPU
		{FDEE8198-A9E5-488D-864D-6C5FD5118C4D}.Debug|Any CPU.Build.0 = Debug|Any CPU
		{FDEE8198-A9E5-488D-864D-6C5FD5118C4D}.Debug|x64.ActiveCfg = Debug|Any CPU
		{FDEE8198-A9E5-488D-864D-6C5FD5118C4D}.Debug|x64.Build.0 = Debug|Any CPU
		{FDEE8198-A9E5-488D-864D-6C5FD5118C4D}.Debug|x86.ActiveCfg = Debug|Any CPU
		{FDEE8198-A9E5-488D-864D-6C5FD5118C4D}.Debug|x86.Build.0 = Debug|Any CPU
		{FDEE8198-A9E5-488D-864D-6C5FD5118C4D}.Release|Any CPU.ActiveCfg = Release|Any CPU
		{FDEE8198-A9E5-488D-864D-6C5FD5118C4D}.Release|Any CPU.Build.0 = Release|Any CPU
		{FDEE8198-A9E5-488D-864D-6C5FD5118C4D}.Release|x64.ActiveCfg = Release|Any CPU
		{FDEE8198-A9E5-488D-864D-6C5FD5118C4D}.Release|x64.Build.0 = Release|Any CPU
		{FDEE8198-A9E5-488D-864D-6C5FD5118C4D}.Release|x86.ActiveCfg = Release|Any CPU
		{FDEE8198-A9E5-488D-864D-6C5FD5118C4D}.Release|x86.Build.0 = Release|Any CPU
		{77459265-1CAF-4BB0-9049-260DB2FC5D44}.Debug|Any CPU.ActiveCfg = Debug|Any CPU
		{77459265-1CAF-4BB0-9049-260DB2FC5D44}.Debug|Any CPU.Build.0 = Debug|Any CPU
		{77459265-1CAF-4BB0-9049-260DB2FC5D44}.Debug|x64.ActiveCfg = Debug|Any CPU
		{77459265-1CAF-4BB0-9049-260DB2FC5D44}.Debug|x64.Build.0 = Debug|Any CPU
		{77459265-1CAF-4BB0-9049-260DB2FC5D44}.Debug|x86.ActiveCfg = Debug|Any CPU
		{77459265-1CAF-4BB0-9049-260DB2FC5D44}.Debug|x86.Build.0 = Debug|Any CPU
		{77459265-1CAF-4BB0-9049-260DB2FC5D44}.Release|Any CPU.ActiveCfg = Release|Any CPU
		{77459265-1CAF-4BB0-9049-260DB2FC5D44}.Release|Any CPU.Build.0 = Release|Any CPU
		{77459265-1CAF-4BB0-9049-260DB2FC5D44}.Release|x64.ActiveCfg = Release|Any CPU
		{77459265-1CAF-4BB0-9049-260DB2FC5D44}.Release|x64.Build.0 = Release|Any CPU
		{77459265-1CAF-4BB0-9049-260DB2FC5D44}.Release|x86.ActiveCfg = Release|Any CPU
		{77459265-1CAF-4BB0-9049-260DB2FC5D44}.Release|x86.Build.0 = Release|Any CPU
		{56750D43-21AF-479F-A8F1-0041A3EAB184}.Debug|Any CPU.ActiveCfg = Debug|Any CPU
		{56750D43-21AF-479F-A8F1-0041A3EAB184}.Debug|Any CPU.Build.0 = Debug|Any CPU
		{56750D43-21AF-479F-A8F1-0041A3EAB184}.Debug|x64.ActiveCfg = Debug|Any CPU
		{56750D43-21AF-479F-A8F1-0041A3EAB184}.Debug|x64.Build.0 = Debug|Any CPU
		{56750D43-21AF-479F-A8F1-0041A3EAB184}.Debug|x86.ActiveCfg = Debug|Any CPU
		{56750D43-21AF-479F-A8F1-0041A3EAB184}.Debug|x86.Build.0 = Debug|Any CPU
		{56750D43-21AF-479F-A8F1-0041A3EAB184}.Release|Any CPU.ActiveCfg = Release|Any CPU
		{56750D43-21AF-479F-A8F1-0041A3EAB184}.Release|Any CPU.Build.0 = Release|Any CPU
		{56750D43-21AF-479F-A8F1-0041A3EAB184}.Release|x64.ActiveCfg = Release|Any CPU
		{56750D43-21AF-479F-A8F1-0041A3EAB184}.Release|x64.Build.0 = Release|Any CPU
		{56750D43-21AF-479F-A8F1-0041A3EAB184}.Release|x86.ActiveCfg = Release|Any CPU
		{56750D43-21AF-479F-A8F1-0041A3EAB184}.Release|x86.Build.0 = Release|Any CPU
		{D3887795-9881-4547-AD45-29B9F7278D2F}.Debug|Any CPU.ActiveCfg = Debug|Any CPU
		{D3887795-9881-4547-AD45-29B9F7278D2F}.Debug|Any CPU.Build.0 = Debug|Any CPU
		{D3887795-9881-4547-AD45-29B9F7278D2F}.Debug|x64.ActiveCfg = Debug|Any CPU
		{D3887795-9881-4547-AD45-29B9F7278D2F}.Debug|x64.Build.0 = Debug|Any CPU
		{D3887795-9881-4547-AD45-29B9F7278D2F}.Debug|x86.ActiveCfg = Debug|Any CPU
		{D3887795-9881-4547-AD45-29B9F7278D2F}.Debug|x86.Build.0 = Debug|Any CPU
		{D3887795-9881-4547-AD45-29B9F7278D2F}.Release|Any CPU.ActiveCfg = Release|Any CPU
		{D3887795-9881-4547-AD45-29B9F7278D2F}.Release|Any CPU.Build.0 = Release|Any CPU
		{D3887795-9881-4547-AD45-29B9F7278D2F}.Release|x64.ActiveCfg = Release|Any CPU
		{D3887795-9881-4547-AD45-29B9F7278D2F}.Release|x64.Build.0 = Release|Any CPU
		{D3887795-9881-4547-AD45-29B9F7278D2F}.Release|x86.ActiveCfg = Release|Any CPU
		{D3887795-9881-4547-AD45-29B9F7278D2F}.Release|x86.Build.0 = Release|Any CPU
		{32747CD9-EF04-4D14-9829-A8AA08DC0703}.Debug|Any CPU.ActiveCfg = Debug|Any CPU
		{32747CD9-EF04-4D14-9829-A8AA08DC0703}.Debug|Any CPU.Build.0 = Debug|Any CPU
		{32747CD9-EF04-4D14-9829-A8AA08DC0703}.Debug|x64.ActiveCfg = Debug|Any CPU
		{32747CD9-EF04-4D14-9829-A8AA08DC0703}.Debug|x64.Build.0 = Debug|Any CPU
		{32747CD9-EF04-4D14-9829-A8AA08DC0703}.Debug|x86.ActiveCfg = Debug|Any CPU
		{32747CD9-EF04-4D14-9829-A8AA08DC0703}.Debug|x86.Build.0 = Debug|Any CPU
		{32747CD9-EF04-4D14-9829-A8AA08DC0703}.Release|Any CPU.ActiveCfg = Release|Any CPU
		{32747CD9-EF04-4D14-9829-A8AA08DC0703}.Release|Any CPU.Build.0 = Release|Any CPU
		{32747CD9-EF04-4D14-9829-A8AA08DC0703}.Release|x64.ActiveCfg = Release|Any CPU
		{32747CD9-EF04-4D14-9829-A8AA08DC0703}.Release|x64.Build.0 = Release|Any CPU
		{32747CD9-EF04-4D14-9829-A8AA08DC0703}.Release|x86.ActiveCfg = Release|Any CPU
		{32747CD9-EF04-4D14-9829-A8AA08DC0703}.Release|x86.Build.0 = Release|Any CPU
	EndGlobalSection
	GlobalSection(SolutionProperties) = preSolution
		HideSolutionNode = FALSE
	EndGlobalSection
	GlobalSection(NestedProjects) = preSolution
		{B822D1D2-2C8C-95EE-E828-1B2B8BBA8233} = {827E0CD3-B72D-47B6-A68D-7590B98EB39B}
		{9066813B-0EDC-4E13-B55A-3E4B53DA5881} = {B822D1D2-2C8C-95EE-E828-1B2B8BBA8233}
		{FDEE8198-A9E5-488D-864D-6C5FD5118C4D} = {827E0CD3-B72D-47B6-A68D-7590B98EB39B}
		{77459265-1CAF-4BB0-9049-260DB2FC5D44} = {827E0CD3-B72D-47B6-A68D-7590B98EB39B}
		{56750D43-21AF-479F-A8F1-0041A3EAB184} = {827E0CD3-B72D-47B6-A68D-7590B98EB39B}
		{4999BB73-D257-46D6-E8CB-80836288D8FA} = {0C88DD14-F956-CE84-757C-A364CCF449FC}
		{D3887795-9881-4547-AD45-29B9F7278D2F} = {4999BB73-D257-46D6-E8CB-80836288D8FA}
		{213D9C84-F95B-DB9F-C780-1DB23A92D8EE} = {0C88DD14-F956-CE84-757C-A364CCF449FC}
		{32747CD9-EF04-4D14-9829-A8AA08DC0703} = {213D9C84-F95B-DB9F-C780-1DB23A92D8EE}
	EndGlobalSection
EndGlobal
